
Microsoft Visual Studio Solution File, Format Version 12.00
# Visual Studio Version 16
VisualStudioVersion = 16.0.31321.278
MinimumVisualStudioVersion = 10.0.40219.1
Project("{FAE04EC0-301F-11D3-BF4B-00C04F79EFBC}") = "simpleCalculator", "simpleCalculator\simpleCalculator.csproj", "{535046F3-2262-4208-B1AC-34391A7E09DA}"
EndProject
Global
	GlobalSection(SolutionConfigurationPlatforms) = preSolution
		Debug|Any CPU = Debug|Any CPU
		Release|Any CPU = Release|Any CPU
	EndGlobalSection
	GlobalSection(ProjectConfigurationPlatforms) = postSolution
		{535046F3-2262-4208-B1AC-34391A7E09DA}.Debug|Any CPU.ActiveCfg = Debug|Any CPU
		{535046F3-2262-4208-B1AC-34391A7E09DA}.Debug|Any CPU.Build.0 = Debug|Any CPU
		{535046F3-2262-4208-B1AC-34391A7E09DA}.Release|Any CPU.ActiveCfg = Release|Any CPU
		{535046F3-2262-4208-B1AC-34391A7E09DA}.Release|Any CPU.Build.0 = Release|Any CPU
	EndGlobalSection
	GlobalSection(SolutionProperties) = preSolution
		HideSolutionNode = FALSE
	EndGlobalSection
	GlobalSection(ExtensibilityGlobals) = postSolution
		SolutionGuid = {2FFDED7A-4CAC-492B-AA09-F5E515835418}
	EndGlobalSection
EndGlobal
